// !$*UTF8*$!
{
	archiveVersion = 1;
	classes = {
	};
	objectVersion = 48;
	objects = {

/* Begin PBXBuildFile section */
		097593BF2078EFCE0072AFEF /* UINavigationController+WyhLoading.m in Sources */ = {isa = PBXBuildFile; fileRef = 097593BE2078EFCE0072AFEF /* UINavigationController+WyhLoading.m */; };
		097593C22078F5A90072AFEF /* TestViewController.m in Sources */ = {isa = PBXBuildFile; fileRef = 097593C12078F5A90072AFEF /* TestViewController.m */; };
		098F4F8A207350CC006807C1 /* AppDelegate.m in Sources */ = {isa = PBXBuildFile; fileRef = 098F4F89207350CC006807C1 /* AppDelegate.m */; };
		098F4F8D207350CC006807C1 /* ViewController.m in Sources */ = {isa = PBXBuildFile; fileRef = 098F4F8C207350CC006807C1 /* ViewController.m */; };
		098F4F90207350CC006807C1 /* Main.storyboard in Resources */ = {isa = PBXBuildFile; fileRef = 098F4F8E207350CC006807C1 /* Main.storyboard */; };
		098F4F92207350CC006807C1 /* Assets.xcassets in Resources */ = {isa = PBXBuildFile; fileRef = 098F4F91207350CC006807C1 /* Assets.xcassets */; };
		098F4F95207350CC006807C1 /* LaunchScreen.storyboard in Resources */ = {isa = PBXBuildFile; fileRef = 098F4F93207350CC006807C1 /* LaunchScreen.storyboard */; };
		098F4F98207350CC006807C1 /* main.m in Sources */ = {isa = PBXBuildFile; fileRef = 098F4F97207350CC006807C1 /* main.m */; };
		098F4FA2207350CC006807C1 /* TestNavLoadingTests.m in Sources */ = {isa = PBXBuildFile; fileRef = 098F4FA1207350CC006807C1 /* TestNavLoadingTests.m */; };
		098F4FAD207350CC006807C1 /* TestNavLoadingUITests.m in Sources */ = {isa = PBXBuildFile; fileRef = 098F4FAC207350CC006807C1 /* TestNavLoadingUITests.m */; };
		098F4FBC207350F2006807C1 /* WyhNavigationController.m in Sources */ = {isa = PBXBuildFile; fileRef = 098F4FBB207350F2006807C1 /* WyhNavigationController.m */; };
		098F4FBF20735358006807C1 /* UINavigationController+HSLoading.m in Sources */ = {isa = PBXBuildFile; fileRef = 098F4FBE20735358006807C1 /* UINavigationController+HSLoading.m */; };
/* End PBXBuildFile section */

/* Begin PBXContainerItemProxy section */
		098F4F9E207350CC006807C1 /* PBXContainerItemProxy */ = {
			isa = PBXContainerItemProxy;
			containerPortal = 098F4F7D207350CB006807C1 /* Project object */;
			proxyType = 1;
			remoteGlobalIDString = 098F4F84207350CC006807C1;
			remoteInfo = TestNavLoading;
		};
		098F4FA9207350CC006807C1 /* PBXContainerItemProxy */ = {
			isa = PBXContainerItemProxy;
			containerPortal = 098F4F7D207350CB006807C1 /* Project object */;
			proxyType = 1;
			remoteGlobalIDString = 098F4F84207350CC006807C1;
			remoteInfo = TestNavLoading;
		};
/* End PBXContainerItemProxy section */

/* Begin PBXFileReference section */
		097593BD2078EFCE0072AFEF /* UINavigationController+WyhLoading.h */ = {isa = PBXFileReference; lastKnownFileType = sourcecode.c.h; path = "UINavigationController+WyhLoading.h"; sourceTree = "<group>"; };
		097593BE2078EFCE0072AFEF /* UINavigationController+WyhLoading.m */ = {isa = PBXFileReference; lastKnownFileType = sourcecode.c.objc; path = "UINavigationController+WyhLoading.m"; sourceTree = "<group>"; };
		097593C02078F5A90072AFEF /* TestViewController.h */ = {isa = PBXFileReference; lastKnownFileType = sourcecode.c.h; path = TestViewController.h; sourceTree = "<group>"; };
		097593C12078F5A90072AFEF /* TestViewController.m */ = {isa = PBXFileReference; lastKnownFileType = sourcecode.c.objc; path = TestViewController.m; sourceTree = "<group>"; };
		098F4F85207350CC006807C1 /* TestNavLoading.app */ = {isa = PBXFileReference; explicitFileType = wrapper.application; includeInIndex = 0; path = TestNavLoading.app; sourceTree = BUILT_PRODUCTS_DIR; };
		098F4F88207350CC006807C1 /* AppDelegate.h */ = {isa = PBXFileReference; lastKnownFileType = sourcecode.c.h; path = AppDelegate.h; sourceTree = "<group>"; };
		098F4F89207350CC006807C1 /* AppDelegate.m */ = {isa = PBXFileReference; lastKnownFileType = sourcecode.c.objc; path = AppDelegate.m; sourceTree = "<group>"; };
		098F4F8B207350CC006807C1 /* ViewController.h */ = {isa = PBXFileReference; lastKnownFileType = sourcecode.c.h; path = ViewController.h; sourceTree = "<group>"; };
		098F4F8C207350CC006807C1 /* ViewController.m */ = {isa = PBXFileReference; lastKnownFileType = sourcecode.c.objc; path = ViewController.m; sourceTree = "<group>"; };
		098F4F8F207350CC006807C1 /* Base */ = {isa = PBXFileReference; lastKnownFileType = file.storyboard; name = Base; path = Base.lproj/Main.storyboard; sourceTree = "<group>"; };
		098F4F91207350CC006807C1 /* Assets.xcassets */ = {isa = PBXFileReference; lastKnownFileType = folder.assetcatalog; path = Assets.xcassets; sourceTree = "<group>"; };
		098F4F94207350CC006807C1 /* Base */ = {isa = PBXFileReference; lastKnownFileType = file.storyboard; name = Base; path = Base.lproj/LaunchScreen.storyboard; sourceTree = "<group>"; };
		098F4F96207350CC006807C1 /* Info.plist */ = {isa = PBXFileReference; lastKnownFileType = text.plist.xml; path = Info.plist; sourceTree = "<group>"; };
		098F4F97207350CC006807C1 /* main.m */ = {isa = PBXFileReference; lastKnownFileType = sourcecode.c.objc; path = main.m; sourceTree = "<group>"; };
		098F4F9D207350CC006807C1 /* TestNavLoadingTests.xctest */ = {isa = PBXFileReference; explicitFileType = wrapper.cfbundle; includeInIndex = 0; path = TestNavLoadingTests.xctest; sourceTree = BUILT_PRODUCTS_DIR; };
		098F4FA1207350CC006807C1 /* TestNavLoadingTests.m */ = {isa = PBXFileReference; lastKnownFileType = sourcecode.c.objc; path = TestNavLoadingTests.m; sourceTree = "<group>"; };
		098F4FA3207350CC006807C1 /* Info.plist */ = {isa = PBXFileReference; lastKnownFileType = text.plist.xml; path = Info.plist; sourceTree = "<group>"; };
		098F4FA8207350CC006807C1 /* TestNavLoadingUITests.xctest */ = {isa = PBXFileReference; explicitFileType = wrapper.cfbundle; includeInIndex = 0; path = TestNavLoadingUITests.xctest; sourceTree = BUILT_PRODUCTS_DIR; };
		098F4FAC207350CC006807C1 /* TestNavLoadingUITests.m */ = {isa = PBXFileReference; lastKnownFileType = sourcecode.c.objc; path = TestNavLoadingUITests.m; sourceTree = "<group>"; };
		098F4FAE207350CC006807C1 /* Info.plist */ = {isa = PBXFileReference; lastKnownFileType = text.plist.xml; path = Info.plist; sourceTree = "<group>"; };
		098F4FBA207350F2006807C1 /* WyhNavigationController.h */ = {isa = PBXFileReference; lastKnownFileType = sourcecode.c.h; path = WyhNavigationController.h; sourceTree = "<group>"; };
		098F4FBB207350F2006807C1 /* WyhNavigationController.m */ = {isa = PBXFileReference; lastKnownFileType = sourcecode.c.objc; path = WyhNavigationController.m; sourceTree = "<group>"; };
		098F4FBD20735358006807C1 /* UINavigationController+HSLoading.h */ = {isa = PBXFileReference; lastKnownFileType = sourcecode.c.h; path = "UINavigationController+HSLoading.h"; sourceTree = "<group>"; };
		098F4FBE20735358006807C1 /* UINavigationController+HSLoading.m */ = {isa = PBXFileReference; lastKnownFileType = sourcecode.c.objc; path = "UINavigationController+HSLoading.m"; sourceTree = "<group>"; };
/* End PBXFileReference section */

/* Begin PBXFrameworksBuildPhase section */
		098F4F82207350CC006807C1 /* Frameworks */ = {
			isa = PBXFrameworksBuildPhase;
			buildActionMask = 2147483647;
			files = (
			);
			runOnlyForDeploymentPostprocessing = 0;
		};
		098F4F9A207350CC006807C1 /* Frameworks */ = {
			isa = PBXFrameworksBuildPhase;
			buildActionMask = 2147483647;
			files = (
			);
			runOnlyForDeploymentPostprocessing = 0;
		};
		098F4FA5207350CC006807C1 /* Frameworks */ = {
			isa = PBXFrameworksBuildPhase;
			buildActionMask = 2147483647;
			files = (
			);
			runOnlyForDeploymentPostprocessing = 0;
		};
/* End PBXFrameworksBuildPhase section */

/* Begin PBXGroup section */
		098F4F7C207350CB006807C1 = {
			isa = PBXGroup;
			children = (
				098F4F87207350CC006807C1 /* TestNavLoading */,
				098F4FA0207350CC006807C1 /* TestNavLoadingTests */,
				098F4FAB207350CC006807C1 /* TestNavLoadingUITests */,
				098F4F86207350CC006807C1 /* Products */,
			);
			sourceTree = "<group>";
		};
		098F4F86207350CC006807C1 /* Products */ = {
			isa = PBXGroup;
			children = (
				098F4F85207350CC006807C1 /* TestNavLoading.app */,
				098F4F9D207350CC006807C1 /* TestNavLoadingTests.xctest */,
				098F4FA8207350CC006807C1 /* TestNavLoadingUITests.xctest */,
			);
			name = Products;
			sourceTree = "<group>";
		};
		098F4F87207350CC006807C1 /* TestNavLoading */ = {
			isa = PBXGroup;
			children = (
				098F4F88207350CC006807C1 /* AppDelegate.h */,
				098F4F89207350CC006807C1 /* AppDelegate.m */,
				098F4F8B207350CC006807C1 /* ViewController.h */,
				098F4F8C207350CC006807C1 /* ViewController.m */,
				097593C02078F5A90072AFEF /* TestViewController.h */,
				097593C12078F5A90072AFEF /* TestViewController.m */,
				098F4FBA207350F2006807C1 /* WyhNavigationController.h */,
				098F4FBB207350F2006807C1 /* WyhNavigationController.m */,
				098F4FBD20735358006807C1 /* UINavigationController+HSLoading.h */,
				098F4FBE20735358006807C1 /* UINavigationController+HSLoading.m */,
				097593BD2078EFCE0072AFEF /* UINavigationController+WyhLoading.h */,
				097593BE2078EFCE0072AFEF /* UINavigationController+WyhLoading.m */,
				098F4F8E207350CC006807C1 /* Main.storyboard */,
				098F4F91207350CC006807C1 /* Assets.xcassets */,
				098F4F93207350CC006807C1 /* LaunchScreen.storyboard */,
				098F4F96207350CC006807C1 /* Info.plist */,
				098F4F97207350CC006807C1 /* main.m */,
			);
			path = TestNavLoading;
			sourceTree = "<group>";
		};
		098F4FA0207350CC006807C1 /* TestNavLoadingTests */ = {
			isa = PBXGroup;
			children = (
				098F4FA1207350CC006807C1 /* TestNavLoadingTests.m */,
				098F4FA3207350CC006807C1 /* Info.plist */,
			);
			path = TestNavLoadingTests;
			sourceTree = "<group>";
		};
		098F4FAB207350CC006807C1 /* TestNavLoadingUITests */ = {
			isa = PBXGroup;
			children = (
				098F4FAC207350CC006807C1 /* TestNavLoadingUITests.m */,
				098F4FAE207350CC006807C1 /* Info.plist */,
			);
			path = TestNavLoadingUITests;
			sourceTree = "<group>";
		};
/* End PBXGroup section */

/* Begin PBXNativeTarget section */
		098F4F84207350CC006807C1 /* TestNavLoading */ = {
			isa = PBXNativeTarget;
			buildConfigurationList = 098F4FB1207350CC006807C1 /* Build configuration list for PBXNativeTarget "TestNavLoading" */;
			buildPhases = (
				098F4F81207350CC006807C1 /* Sources */,
				098F4F82207350CC006807C1 /* Frameworks */,
				098F4F83207350CC006807C1 /* Resources */,
			);
			buildRules = (
			);
			dependencies = (
			);
			name = TestNavLoading;
			productName = TestNavLoading;
			productReference = 098F4F85207350CC006807C1 /* TestNavLoading.app */;
			productType = "com.apple.product-type.application";
		};
		098F4F9C207350CC006807C1 /* TestNavLoadingTests */ = {
			isa = PBXNativeTarget;
			buildConfigurationList = 098F4FB4207350CC006807C1 /* Build configuration list for PBXNativeTarget "TestNavLoadingTests" */;
			buildPhases = (
				098F4F99207350CC006807C1 /* Sources */,
				098F4F9A207350CC006807C1 /* Frameworks */,
				098F4F9B207350CC006807C1 /* Resources */,
			);
			buildRules = (
			);
			dependencies = (
				098F4F9F207350CC006807C1 /* PBXTargetDependency */,
			);
			name = TestNavLoadingTests;
			productName = TestNavLoadingTests;
			productReference = 098F4F9D207350CC006807C1 /* TestNavLoadingTests.xctest */;
			productType = "com.apple.product-type.bundle.unit-test";
		};
		098F4FA7207350CC006807C1 /* TestNavLoadingUITests */ = {
			isa = PBXNativeTarget;
			buildConfigurationList = 098F4FB7207350CC006807C1 /* Build configuration list for PBXNativeTarget "TestNavLoadingUITests" */;
			buildPhases = (
				098F4FA4207350CC006807C1 /* Sources */,
				098F4FA5207350CC006807C1 /* Frameworks */,
				098F4FA6207350CC006807C1 /* Resources */,
			);
			buildRules = (
			);
			dependencies = (
				098F4FAA207350CC006807C1 /* PBXTargetDependency */,
			);
			name = TestNavLoadingUITests;
			productName = TestNavLoadingUITests;
			productReference = 098F4FA8207350CC006807C1 /* TestNavLoadingUITests.xctest */;
			productType = "com.apple.product-type.bundle.ui-testing";
		};
/* End PBXNativeTarget section */

/* Begin PBXProject section */
		098F4F7D207350CB006807C1 /* Project object */ = {
			isa = PBXProject;
			attributes = {
				LastUpgradeCheck = 0920;
				ORGANIZATIONNAME = Wyh;
				TargetAttributes = {
					098F4F84207350CC006807C1 = {
						CreatedOnToolsVersion = 9.2;
						ProvisioningStyle = Automatic;
					};
					098F4F9C207350CC006807C1 = {
						CreatedOnToolsVersion = 9.2;
						ProvisioningStyle = Automatic;
						TestTargetID = 098F4F84207350CC006807C1;
					};
					098F4FA7207350CC006807C1 = {
						CreatedOnToolsVersion = 9.2;
						ProvisioningStyle = Automatic;
						TestTargetID = 098F4F84207350CC006807C1;
					};
				};
			};
			buildConfigurationList = 098F4F80207350CB006807C1 /* Build configuration list for PBXProject "TestNavLoading" */;
			compatibilityVersion = "Xcode 8.0";
			developmentRegion = en;
			hasScannedForEncodings = 0;
			knownRegions = (
				en,
				Base,
			);
			mainGroup = 098F4F7C207350CB006807C1;
			productRefGroup = 098F4F86207350CC006807C1 /* Products */;
			projectDirPath = "";
			projectRoot = "";
			targets = (
				098F4F84207350CC006807C1 /* TestNavLoading */,
				098F4F9C207350CC006807C1 /* TestNavLoadingTests */,
				098F4FA7207350CC006807C1 /* TestNavLoadingUITests */,
			);
		};
/* End PBXProject section */

/* Begin PBXResourcesBuildPhase section */
		098F4F83207350CC006807C1 /* Resources */ = {
			isa = PBXResourcesBuildPhase;
			buildActionMask = 2147483647;
			files = (
				098F4F95207350CC006807C1 /* LaunchScreen.storyboard in Resources */,
				098F4F92207350CC006807C1 /* Assets.xcassets in Resources */,
				098F4F90207350CC006807C1 /* Main.storyboard in Resources */,
			);
			runOnlyForDeploymentPostprocessing = 0;
		};
		098F4F9B207350CC006807C1 /* Resources */ = {
			isa = PBXResourcesBuildPhase;
			buildActionMask = 2147483647;
			files = (
			);
			runOnlyForDeploymentPostprocessing = 0;
		};
		098F4FA6207350CC006807C1 /* Resources */ = {
			isa = PBXResourcesBuildPhase;
			buildActionMask = 2147483647;
			files = (
			);
			runOnlyForDeploymentPostprocessing = 0;
		};
/* End PBXResourcesBuildPhase section */

/* Begin PBXSourcesBuildPhase section */
		098F4F81207350CC006807C1 /* Sources */ = {
			isa = PBXSourcesBuildPhase;
			buildActionMask = 2147483647;
			files = (
				098F4FBC207350F2006807C1 /* WyhNavigationController.m in Sources */,
				098F4F8D207350CC006807C1 /* ViewController.m in Sources */,
				097593C22078F5A90072AFEF /* TestViewController.m in Sources */,
				098F4FBF20735358006807C1 /* UINavigationController+HSLoading.m in Sources */,
				098F4F98207350CC006807C1 /* main.m in Sources */,
				098F4F8A207350CC006807C1 /* AppDelegate.m in Sources */,
				097593BF2078EFCE0072AFEF /* UINavigationController+WyhLoading.m in Sources */,
			);
			runOnlyForDeploymentPostprocessing = 0;
		};
		098F4F99207350CC006807C1 /* Sources */ = {
			isa = PBXSourcesBuildPhase;
			buildActionMask = 2147483647;
			files = (
				098F4FA2207350CC006807C1 /* TestNavLoadingTests.m in Sources */,
			);
			runOnlyForDeploymentPostprocessing = 0;
		};
		098F4FA4207350CC006807C1 /* Sources */ = {
			isa = PBXSourcesBuildPhase;
			buildActionMask = 2147483647;
			files = (
				098F4FAD207350CC006807C1 /* TestNavLoadingUITests.m in Sources */,
			);
			runOnlyForDeploymentPostprocessing = 0;
		};
/* End PBXSourcesBuildPhase section */

/* Begin PBXTargetDependency section */
		098F4F9F207350CC006807C1 /* PBXTargetDependency */ = {
			isa = PBXTargetDependency;
			target = 098F4F84207350CC006807C1 /* TestNavLoading */;
			targetProxy = 098F4F9E207350CC006807C1 /* PBXContainerItemProxy */;
		};
		098F4FAA207350CC006807C1 /* PBXTargetDependency */ = {
			isa = PBXTargetDependency;
			target = 098F4F84207350CC006807C1 /* TestNavLoading */;
			targetProxy = 098F4FA9207350CC006807C1 /* PBXContainerItemProxy */;
		};
/* End PBXTargetDependency section */

/* Begin PBXVariantGroup section */
		098F4F8E207350CC006807C1 /* Main.storyboard */ = {
			isa = PBXVariantGroup;
			children = (
				098F4F8F207350CC006807C1 /* Base */,
			);
			name = Main.storyboard;
			sourceTree = "<group>";
		};
		098F4F93207350CC006807C1 /* LaunchScreen.storyboard */ = {
			isa = PBXVariantGroup;
			children = (
				098F4F94207350CC006807C1 /* Base */,
			);
			name = LaunchScreen.storyboard;
			sourceTree = "<group>";
		};
/* End PBXVariantGroup section */

/* Begin XCBuildConfiguration section */
		098F4FAF207350CC006807C1 /* Debug */ = {
			isa = XCBuildConfiguration;
			buildSettings = {
				ALWAYS_SEARCH_USER_PATHS = NO;
				CLANG_ANALYZER_NONNULL = YES;
				CLANG_ANALYZER_NUMBER_OBJECT_CONVERSION = YES_AGGRESSIVE;
				CLANG_CXX_LANGUAGE_STANDARD = "gnu++14";
				CLANG_CXX_LIBRARY = "libc++";
				CLANG_ENABLE_MODULES = YES;
				CLANG_ENABLE_OBJC_ARC = YES;
				CLANG_WARN_BLOCK_CAPTURE_AUTORELEASING = YES;
				CLANG_WARN_BOOL_CONVERSION = YES;
				CLANG_WARN_COMMA = YES;
				CLANG_WARN_CONSTANT_CONVERSION = YES;
				CLANG_WARN_DIRECT_OBJC_ISA_USAGE = YES_ERROR;
				CLANG_WARN_DOCUMENTATION_COMMENTS = YES;
				CLANG_WARN_EMPTY_BODY = YES;
				CLANG_WARN_ENUM_CONVERSION = YES;
				CLANG_WARN_INFINITE_RECURSION = YES;
				CLANG_WARN_INT_CONVERSION = YES;
				CLANG_WARN_NON_LITERAL_NULL_CONVERSION = YES;
				CLANG_WARN_OBJC_LITERAL_CONVERSION = YES;
				CLANG_WARN_OBJC_ROOT_CLASS = YES_ERROR;
				CLANG_WARN_RANGE_LOOP_ANALYSIS = YES;
				CLANG_WARN_STRICT_PROTOTYPES = YES;
				CLANG_WARN_SUSPICIOUS_MOVE = YES;
				CLANG_WARN_UNGUARDED_AVAILABILITY = YES_AGGRESSIVE;
				CLANG_WARN_UNREACHABLE_CODE = YES;
				CLANG_WARN__DUPLICATE_METHOD_MATCH = YES;
				CODE_SIGN_IDENTITY = "iPhone Developer";
				COPY_PHASE_STRIP = NO;
				DEBUG_INFORMATION_FORMAT = dwarf;
				ENABLE_STRICT_OBJC_MSGSEND = YES;
				ENABLE_TESTABILITY = YES;
				GCC_C_LANGUAGE_STANDARD = gnu11;
				GCC_DYNAMIC_NO_PIC = NO;
				GCC_NO_COMMON_BLOCKS = YES;
				GCC_OPTIMIZATION_LEVEL = 0;
				GCC_PREPROCESSOR_DEFINITIONS = (
					"DEBUG=1",
					"$(inherited)",
				);
				GCC_WARN_64_TO_32_BIT_CONVERSION = YES;
				GCC_WARN_ABOUT_RETURN_TYPE = YES_ERROR;
				GCC_WARN_UNDECLARED_SELECTOR = YES;
				GCC_WARN_UNINITIALIZED_AUTOS = YES_AGGRESSIVE;
				GCC_WARN_UNUSED_FUNCTION = YES;
				GCC_WARN_UNUSED_VARIABLE = YES;
				IPHONEOS_DEPLOYMENT_TARGET = 11.2;
				MTL_ENABLE_DEBUG_INFO = YES;
				ONLY_ACTIVE_ARCH = YES;
				SDKROOT = iphoneos;
			};
			name = Debug;
		};
		098F4FB0207350CC006807C1 /* Release */ = {
			isa = XCBuildConfiguration;
			buildSettings = {
				ALWAYS_SEARCH_USER_PATHS = NO;
				CLANG_ANALYZER_NONNULL = YES;
				CLANG_ANALYZER_NUMBER_OBJECT_CONVERSION = YES_AGGRESSIVE;
				CLANG_CXX_LANGUAGE_STANDARD = "gnu++14";
				CLANG_CXX_LIBRARY = "libc++";
				CLANG_ENABLE_MODULES = YES;
				CLANG_ENABLE_OBJC_ARC = YES;
				CLANG_WARN_BLOCK_CAPTURE_AUTORELEASING = YES;
				CLANG_WARN_BOOL_CONVERSION = YES;
				CLANG_WARN_COMMA = YES;
				CLANG_WARN_CONSTANT_CONVERSION = YES;
				CLANG_WARN_DIRECT_OBJC_ISA_USAGE = YES_ERROR;
				CLANG_WARN_DOCUMENTATION_COMMENTS = YES;
				CLANG_WARN_EMPTY_BODY = YES;
				CLANG_WARN_ENUM_CONVERSION = YES;
				CLANG_WARN_INFINITE_RECURSION = YES;
				CLANG_WARN_INT_CONVERSION = YES;
				CLANG_WARN_NON_LITERAL_NULL_CONVERSION = YES;
				CLANG_WARN_OBJC_LITERAL_CONVERSION = YES;
				CLANG_WARN_OBJC_ROOT_CLASS = YES_ERROR;
				CLANG_WARN_RANGE_LOOP_ANALYSIS = YES;
				CLANG_WARN_STRICT_PROTOTYPES = YES;
				CLANG_WARN_SUSPICIOUS_MOVE = YES;
				CLANG_WARN_UNGUARDED_AVAILABILITY = YES_AGGRESSIVE;
				CLANG_WARN_UNREACHABLE_CODE = YES;
				CLANG_WARN__DUPLICATE_METHOD_MATCH = YES;
				CODE_SIGN_IDENTITY = "iPhone Developer";
				COPY_PHASE_STRIP = NO;
				DEBUG_INFORMATION_FORMAT = "dwarf-with-dsym";
				ENABLE_NS_ASSERTIONS = NO;
				ENABLE_STRICT_OBJC_MSGSEND = YES;
				GCC_C_LANGUAGE_STANDARD = gnu11;
				GCC_NO_COMMON_BLOCKS = YES;
				GCC_WARN_64_TO_32_BIT_CONVERSION = YES;
				GCC_WARN_ABOUT_RETURN_TYPE = YES_ERROR;
				GCC_WARN_UNDECLARED_SELECTOR = YES;
				GCC_WARN_UNINITIALIZED_AUTOS = YES_AGGRESSIVE;
				GCC_WARN_UNUSED_FUNCTION = YES;
				GCC_WARN_UNUSED_VARIABLE = YES;
				IPHONEOS_DEPLOYMENT_TARGET = 11.2;
				MTL_ENABLE_DEBUG_INFO = NO;
				SDKROOT = iphoneos;
				VALIDATE_PRODUCT = YES;
			};
			name = Release;
		};
		098F4FB2207350CC006807C1 /* Debug */ = {
			isa = XCBuildConfiguration;
			buildSettings = {
				ASSETCATALOG_COMPILER_APPICON_NAME = AppIcon;
				CODE_SIGN_STYLE = Automatic;
				DEVELOPMENT_TEAM = 29HA8N9RQ5;
				INFOPLIST_FILE = TestNavLoading/Info.plist;
				LD_RUNPATH_SEARCH_PATHS = "$(inherited) @executable_path/Frameworks";
				PRODUCT_BUNDLE_IDENTIFIER = Wyh.TestNavLoading;
				PRODUCT_NAME = "$(TARGET_NAME)";
				TARGETED_DEVICE_FAMILY = "1,2";
			};
			name = Debug;
		};
		098F4FB3207350CC006807C1 /* Release */ = {
			isa = XCBuildConfiguration;
			buildSettings = {
				ASSETCATALOG_COMPILER_APPICON_NAME = AppIcon;
				CODE_SIGN_STYLE = Automatic;
				DEVELOPMENT_TEAM = 29HA8N9RQ5;
				INFOPLIST_FILE = TestNavLoading/Info.plist;
				LD_RUNPATH_SEARCH_PATHS = "$(inherited) @executable_path/Frameworks";
				PRODUCT_BUNDLE_IDENTIFIER = Wyh.TestNavLoading;
				PRODUCT_NAME = "$(TARGET_NAME)";
				TARGETED_DEVICE_FAMILY = "1,2";
			};
			name = Release;
		};
		098F4FB5207350CC006807C1 /* Debug */ = {
			isa = XCBuildConfiguration;
			buildSettings = {
				BUNDLE_LOADER = "$(TEST_HOST)";
				CODE_SIGN_STYLE = Automatic;
				DEVELOPMENT_TEAM = 29HA8N9RQ5;
				INFOPLIST_FILE = TestNavLoadingTests/Info.plist;
				LD_RUNPATH_SEARCH_PATHS = "$(inherited) @executable_path/Frameworks @loader_path/Frameworks";
				PRODUCT_BUNDLE_IDENTIFIER = Wyh.TestNavLoadingTests;
				PRODUCT_NAME = "$(TARGET_NAME)";
				TARGETED_DEVICE_FAMILY = "1,2";
				TEST_HOST = "$(BUILT_PRODUCTS_DIR)/TestNavLoading.app/TestNavLoading";
			};
			name = Debug;
		};
		098F4FB6207350CC006807C1 /* Release */ = {
			isa = XCBuildConfiguration;
			buildSettings = {
				BUNDLE_LOADER = "$(TEST_HOST)";
				CODE_SIGN_STYLE = Automatic;
				DEVELOPMENT_TEAM = 29HA8N9RQ5;
				INFOPLIST_FILE = TestNavLoadingTests/Info.plist;
				LD_RUNPATH_SEARCH_PATHS = "$(inherited) @executable_path/Frameworks @loader_path/Frameworks";
				PRODUCT_BUNDLE_IDENTIFIER = Wyh.TestNavLoadingTests;
				PRODUCT_NAME = "$(TARGET_NAME)";
				TARGETED_DEVICE_FAMILY = "1,2";
				TEST_HOST = "$(BUILT_PRODUCTS_DIR)/TestNavLoading.app/TestNavLoading";
			};
			name = Release;
		};
		098F4FB8207350CC006807C1 /* Debug */ = {
			isa = XCBuildConfiguration;
			buildSettings = {
				CODE_SIGN_STYLE = Automatic;
				DEVELOPMENT_TEAM = 29HA8N9RQ5;
				INFOPLIST_FILE = TestNavLoadingUITests/Info.plist;
				LD_RUNPATH_SEARCH_PATHS = "$(inherited) @executable_path/Frameworks @loader_path/Frameworks";
				PRODUCT_BUNDLE_IDENTIFIER = Wyh.TestNavLoadingUITests;
				PRODUCT_NAME = "$(TARGET_NAME)";
				TARGETED_DEVICE_FAMILY = "1,2";
				TEST_TARGET_NAME = TestNavLoading;
			};
			name = Debug;
		};
		098F4FB9207350CC006807C1 /* Release */ = {
			isa = XCBuildConfiguration;
			buildSettings = {
				CODE_SIGN_STYLE = Automatic;
				DEVELOPMENT_TEAM = 29HA8N9RQ5;
				INFOPLIST_FILE = TestNavLoadingUITests/Info.plist;
				LD_RUNPATH_SEARCH_PATHS = "$(inherited) @executable_path/Frameworks @loader_path/Frameworks";
				PRODUCT_BUNDLE_IDENTIFIER = Wyh.TestNavLoadingUITests;
				PRODUCT_NAME = "$(TARGET_NAME)";
				TARGETED_DEVICE_FAMILY = "1,2";
				TEST_TARGET_NAME = TestNavLoading;
			};
			name = Release;
		};
/* End XCBuildConfiguration section */

/* Begin XCConfigurationList section */
		098F4F80207350CB006807C1 /* Build configuration list for PBXProject "TestNavLoading" */ = {
			isa = XCConfigurationList;
			buildConfigurations = (
				098F4FAF207350CC006807C1 /* Debug */,
				098F4FB0207350CC006807C1 /* Release */,
			);
			defaultConfigurationIsVisible = 0;
			defaultConfigurationName = Release;
		};
		098F4FB1207350CC006807C1 /* Build configuration list for PBXNativeTarget "TestNavLoading" */ = {
			isa = XCConfigurationList;
			buildConfigurations = (
				098F4FB2207350CC006807C1 /* Debug */,
				098F4FB3207350CC006807C1 /* Release */,
			);
			defaultConfigurationIsVisible = 0;
			defaultConfigurationName = Release;
		};
		098F4FB4207350CC006807C1 /* Build configuration list for PBXNativeTarget "TestNavLoadingTests" */ = {
			isa = XCConfigurationList;
			buildConfigurations = (
				098F4FB5207350CC006807C1 /* Debug */,
				098F4FB6207350CC006807C1 /* Release */,
			);
			defaultConfigurationIsVisible = 0;
			defaultConfigurationName = Release;
		};
		098F4FB7207350CC006807C1 /* Build configuration list for PBXNativeTarget "TestNavLoadingUITests" */ = {
			isa = XCConfigurationList;
			buildConfigurations = (
				098F4FB8207350CC006807C1 /* Debug */,
				098F4FB9207350CC006807C1 /* Release */,
			);
			defaultConfigurationIsVisible = 0;
			defaultConfigurationName = Release;
		};
/* End XCConfigurationList section */
	};
	rootObject = 098F4F7D207350CB006807C1 /* Project object */;
}
